# This file is automatically @generated by Poetry and should not be changed by hand.

[[package]]
name = "black"
version = "22.12.0"
description = "The uncompromising code formatter."
category = "dev"
optional = false
python-versions = ">=3.7"
files = [
    {file = "black-22.12.0-cp310-cp310-manylinux_2_17_x86_64.manylinux2014_x86_64.whl", hash = "sha256:9eedd20838bd5d75b80c9f5487dbcb06836a43833a37846cf1d8c1cc01cef59d"},
    {file = "black-22.12.0-cp310-cp310-win_amd64.whl", hash = "sha256:159a46a4947f73387b4d83e87ea006dbb2337eab6c879620a3ba52699b1f4351"},
    {file = "black-22.12.0-cp311-cp311-manylinux_2_17_x86_64.manylinux2014_x86_64.whl", hash = "sha256:d30b212bffeb1e252b31dd269dfae69dd17e06d92b87ad26e23890f3efea366f"},
    {file = "black-22.12.0-cp311-cp311-win_amd64.whl", hash = "sha256:7412e75863aa5c5411886804678b7d083c7c28421210180d67dfd8cf1221e1f4"},
    {file = "black-22.12.0-cp37-cp37m-manylinux_2_17_x86_64.manylinux2014_x86_64.whl", hash = "sha256:c116eed0efb9ff870ded8b62fe9f28dd61ef6e9ddd28d83d7d264a38417dcee2"},
    {file = "black-22.12.0-cp37-cp37m-win_amd64.whl", hash = "sha256:1f58cbe16dfe8c12b7434e50ff889fa479072096d79f0a7f25e4ab8e94cd8350"},
    {file = "black-22.12.0-cp38-cp38-manylinux_2_17_x86_64.manylinux2014_x86_64.whl", hash = "sha256:77d86c9f3db9b1bf6761244bc0b3572a546f5fe37917a044e02f3166d5aafa7d"},
    {file = "black-22.12.0-cp38-cp38-win_amd64.whl", hash = "sha256:82d9fe8fee3401e02e79767016b4907820a7dc28d70d137eb397b92ef3cc5bfc"},
    {file = "black-22.12.0-cp39-cp39-manylinux_2_17_x86_64.manylinux2014_x86_64.whl", hash = "sha256:101c69b23df9b44247bd88e1d7e90154336ac4992502d4197bdac35dd7ee3320"},
    {file = "black-22.12.0-cp39-cp39-win_amd64.whl", hash = "sha256:559c7a1ba9a006226f09e4916060982fd27334ae1998e7a38b3f33a37f7a2148"},
    {file = "black-22.12.0-py3-none-any.whl", hash = "sha256:436cc9167dd28040ad90d3b404aec22cedf24a6e4d7de221bec2730ec0c97bcf"},
    {file = "black-22.12.0.tar.gz", hash = "sha256:229351e5a18ca30f447bf724d007f890f97e13af070bb6ad4c0a441cd7596a2f"},
]

[package.dependencies]
click = ">=8.0.0"
mypy-extensions = ">=0.4.3"
pathspec = ">=0.9.0"
platformdirs = ">=2"

[package.extras]
colorama = ["colorama (>=0.4.3)"]
d = ["aiohttp (>=3.7.4)"]
jupyter = ["ipython (>=7.8.0)", "tokenize-rt (>=3.2.0)"]
uvloop = ["uvloop (>=0.15.2)"]

[[package]]
name = "cftime"
version = "1.6.2"
description = "Time-handling functionality from netcdf4-python"
category = "main"
optional = false
python-versions = ">=3.7"
files = [
    {file = "cftime-1.6.2-cp310-cp310-macosx_10_9_x86_64.whl", hash = "sha256:b4d2a1920f0aad663f25700b30621ff64af373499e52b544da1148dd8c09409a"},
    {file = "cftime-1.6.2-cp310-cp310-macosx_11_0_arm64.whl", hash = "sha256:2ba7909a0cd4adcb16797d8d6ab2767e7ddb980b2bf9dbabfc71b3bdd94f072b"},
    {file = "cftime-1.6.2-cp310-cp310-manylinux_2_17_x86_64.manylinux2014_x86_64.whl", hash = "sha256:acb294fdb80e33545ae54b4421df35c4e578708a5ffce1c00408b2294e70ecef"},
    {file = "cftime-1.6.2-cp310-cp310-win_amd64.whl", hash = "sha256:2abdac6ca5b8b6102f319122546739dfc42406b816c16f2a98a8f0cd406d3bf0"},
    {file = "cftime-1.6.2-cp311-cp311-macosx_10_9_x86_64.whl", hash = "sha256:eb7f8cd0996640b83020133b5ef6b97fc9216c3129eaeeaca361abdff5d82166"},
    {file = "cftime-1.6.2-cp311-cp311-macosx_11_0_arm64.whl", hash = "sha256:8d49d69c64cee2c175478eed84c3a57fce083da4ceebce16440f72be561a8489"},
    {file = "cftime-1.6.2-cp311-cp311-manylinux_2_17_x86_64.manylinux2014_x86_64.whl", hash = "sha256:455cec3627e6ca8694b0d9201da6581eb4381b58389f1fbcb51a14fa0e2b3d94"},
    {file = "cftime-1.6.2-cp311-cp311-win_amd64.whl", hash = "sha256:29c18601abea0fd160fbe423e05c7a56fe1d38dd250a6b010de499a132d3fe18"},
    {file = "cftime-1.6.2-cp37-cp37m-macosx_10_9_x86_64.whl", hash = "sha256:afb5b38b51b8bc02f1656a9f15c52b0b20a3999adbe1ab9ac57f926e0065b48a"},
    {file = "cftime-1.6.2-cp37-cp37m-manylinux_2_17_x86_64.manylinux2014_x86_64.whl", hash = "sha256:aedfb7a783d19d7a30cb41951310f3bfe98f9f21fffc723c8af08a11962b0b17"},
    {file = "cftime-1.6.2-cp37-cp37m-manylinux_2_5_i686.manylinux1_i686.manylinux_2_17_i686.manylinux2014_i686.whl", hash = "sha256:3042048324b4d6a1066c978ec78101effdd84320e8862bfdbf8122d7ad7588ec"},
    {file = "cftime-1.6.2-cp37-none-win_amd64.whl", hash = "sha256:ee70fa069802652cf534de1dd3fc590b7d22d4127447bf96ac9849abcdadadf1"},
    {file = "cftime-1.6.2-cp38-cp38-macosx_10_9_x86_64.whl", hash = "sha256:93f00f454329c1f2588ebca2650e8edf7607d6189dbdcc81b5f3be2080155cc4"},
    {file = "cftime-1.6.2-cp38-cp38-macosx_11_0_arm64.whl", hash = "sha256:e83db2fdda900eb154a9f79dfb665ac6190781c61d2e18151996de5ee7ffd8a2"},
    {file = "cftime-1.6.2-cp38-cp38-manylinux_2_17_x86_64.manylinux2014_x86_64.whl", hash = "sha256:56d0242fc4990584b265622622b25bb262a178097711d2d95e53ef52a9d23e7e"},
    {file = "cftime-1.6.2-cp38-cp38-win_amd64.whl", hash = "sha256:055d5d60a756c6c1857cf84d77655bb707057bb6c4a4fbb104a550e76c40aad9"},
    {file = "cftime-1.6.2-cp39-cp39-macosx_10_9_x86_64.whl", hash = "sha256:0955e1f3e1c09a9e0296b50f135ff9719cb2466f81c8ad4a10ef06fa394de984"},
    {file = "cftime-1.6.2-cp39-cp39-macosx_11_0_arm64.whl", hash = "sha256:07fdef2f75a0f0952b0376fa4cd08ef8a1dad3b963976ac07517811d434936b7"},
    {file = "cftime-1.6.2-cp39-cp39-manylinux_2_17_x86_64.manylinux2014_x86_64.whl", hash = "sha256:892d5dc38f8b998c83a2a01f131e63896d020586de473e1878f9e85acc70ad44"},
    {file = "cftime-1.6.2-cp39-cp39-win_amd64.whl", hash = "sha256:86fe550b94525c327578a90b2e13418ca5ba6c636d5efe3edec310e631757eea"},
    {file = "cftime-1.6.2.tar.gz", hash = "sha256:8614c00fb8a5046de304fdd86dbd224f99408185d7b245ac6628d0276596e6d2"},
]

[package.dependencies]
numpy = ">1.13.3"

[[package]]
name = "click"
version = "8.1.3"
description = "Composable command line interface toolkit"
category = "dev"
optional = false
python-versions = ">=3.7"
files = [
    {file = "click-8.1.3-py3-none-any.whl", hash = "sha256:bb4d8133cb15a609f44e8213d9b391b0809795062913b383c62be0ee95b1db48"},
    {file = "click-8.1.3.tar.gz", hash = "sha256:7682dc8afb30297001674575ea00d1814d808d6a36af415a82bd481d37ba7b8e"},
]

[package.dependencies]
colorama = {version = "*", markers = "platform_system == \"Windows\""}

[[package]]
name = "colorama"
version = "0.4.6"
description = "Cross-platform colored terminal text."
category = "dev"
optional = false
python-versions = "!=3.0.*,!=3.1.*,!=3.2.*,!=3.3.*,!=3.4.*,!=3.5.*,!=3.6.*,>=2.7"
files = [
    {file = "colorama-0.4.6-py2.py3-none-any.whl", hash = "sha256:4f1d9991f5acc0ca119f9d443620b77f9d6b33703e51011c16baf57afb285fc6"},
    {file = "colorama-0.4.6.tar.gz", hash = "sha256:08695f5cb7ed6e0531a20572697297273c47b8cae5a63ffc6d6ed5c201be6e44"},
]

[[package]]
name = "et-xmlfile"
version = "1.1.0"
description = "An implementation of lxml.xmlfile for the standard library"
category = "main"
optional = false
python-versions = ">=3.6"
files = [
    {file = "et_xmlfile-1.1.0-py3-none-any.whl", hash = "sha256:a2ba85d1d6a74ef63837eed693bcb89c3f752169b0e3e7ae5b16ca5e1b3deada"},
    {file = "et_xmlfile-1.1.0.tar.gz", hash = "sha256:8eb9e2bc2f8c97e37a2dc85a09ecdcdec9d8a396530a6d5a33b30b9a92da0c5c"},
]

[[package]]
name = "mypy-extensions"
version = "0.4.3"
description = "Experimental type system extensions for programs checked with the mypy typechecker."
category = "dev"
optional = false
python-versions = "*"
files = [
    {file = "mypy_extensions-0.4.3-py2.py3-none-any.whl", hash = "sha256:090fedd75945a69ae91ce1303b5824f428daf5a028d2f6ab8a299250a846f15d"},
    {file = "mypy_extensions-0.4.3.tar.gz", hash = "sha256:2d82818f5bb3e369420cb3c4060a7970edba416647068eb4c5343488a6c604a8"},
]

[[package]]
name = "netcdf4"
version = "1.6.2"
description = "Provides an object-oriented python interface to the netCDF version 4 library."
category = "main"
optional = false
python-versions = ">=3.6"
files = [
    {file = "netCDF4-1.6.2-cp310-cp310-macosx_10_9_x86_64.whl", hash = "sha256:054409612d6e91ab6db27c7120994a8843b5dde14a70df416a29905ca71b0922"},
    {file = "netCDF4-1.6.2-cp310-cp310-macosx_11_0_arm64.whl", hash = "sha256:22bdb9bd0f789e8b8987662a6a6d003ac0c9bf307c712fd2a9c09b5cdeb4357d"},
    {file = "netCDF4-1.6.2-cp310-cp310-manylinux_2_17_aarch64.manylinux2014_aarch64.whl", hash = "sha256:01e42ec375c0426240ba00ac2fee9edf6ccef9622e50c4ca67ddbcf0482139b3"},
    {file = "netCDF4-1.6.2-cp310-cp310-manylinux_2_17_i686.manylinux2014_i686.whl", hash = "sha256:2827172ea73a15d7766710305343e183d0c5a7c7983481ce57840365f05ce636"},
    {file = "netCDF4-1.6.2-cp310-cp310-manylinux_2_17_x86_64.manylinux2014_x86_64.whl", hash = "sha256:361e81d9bc52df2b510843df14d6b298099ff90dfa8f6bc37278b2e2fda9dc18"},
    {file = "netCDF4-1.6.2-cp310-cp310-win_amd64.whl", hash = "sha256:6a814dfebfde2ee0ff24a73641d44c384973aa8aeb40f154e62b158e85d14dbf"},
    {file = "netCDF4-1.6.2-cp311-cp311-macosx_10_9_x86_64.whl", hash = "sha256:81e80fb0801b27697b8a27103d92efe1a782ff5bb9ea8c41e682d03e97a97255"},
    {file = "netCDF4-1.6.2-cp311-cp311-macosx_11_0_arm64.whl", hash = "sha256:cbe0e536f25b503e35bdb09450b0c444f1bd42cd722718bc3201dea82e73d1f1"},
    {file = "netCDF4-1.6.2-cp311-cp311-manylinux_2_17_aarch64.manylinux2014_aarch64.whl", hash = "sha256:e050231ca196b82048eec202de0332ef951f9d8dff6d71510a8d41dce275a788"},
    {file = "netCDF4-1.6.2-cp311-cp311-manylinux_2_17_x86_64.manylinux2014_x86_64.whl", hash = "sha256:f615e684d0110cb346c7bcea117f3bc34e5e4c95e86e1b400438b8f774dd743a"},
    {file = "netCDF4-1.6.2-cp311-cp311-win_amd64.whl", hash = "sha256:aafdf88c10eb2f95723abe61f6b348af2de91a9b587540ee60e2bb68172d3c0a"},
    {file = "netCDF4-1.6.2-cp37-cp37m-macosx_10_9_x86_64.whl", hash = "sha256:8b4510e9032f91b43a900105b0c98ce3c1bfbe10d24f67eb16d28286ded2f940"},
    {file = "netCDF4-1.6.2-cp37-cp37m-manylinux_2_17_aarch64.manylinux2014_aarch64.whl", hash = "sha256:4a0232c0baf5bd6981dcd565b1d70b6f3353f5fb7666d34e14cbee032f1498ee"},
    {file = "netCDF4-1.6.2-cp37-cp37m-manylinux_2_17_i686.manylinux2014_i686.whl", hash = "sha256:510fc683f5e97fae75a00c775e525dd4329d2f5975971872b34e7b75be209c5d"},
    {file = "netCDF4-1.6.2-cp37-cp37m-manylinux_2_17_x86_64.manylinux2014_x86_64.whl", hash = "sha256:e152a2af9ea1ed7c75d9683fc2c814002612cb60e3691a8b2c33e78ad026ce5b"},
    {file = "netCDF4-1.6.2-cp38-cp38-macosx_10_9_x86_64.whl", hash = "sha256:5ffb5ea48d01cb50607828010ea497bed0c6e7a414a0648572f0b3a4e96c8c1b"},
    {file = "netCDF4-1.6.2-cp38-cp38-macosx_11_0_arm64.whl", hash = "sha256:54bd68bb568830caf93c584b773a3237f5c6ac0c79edb03fec780f61f79a6c80"},
    {file = "netCDF4-1.6.2-cp38-cp38-manylinux_2_17_i686.manylinux2014_i686.whl", hash = "sha256:60b084eec39e31ed71411f60d7553655722d5684215413e70065c3ef5bf3b5c2"},
    {file = "netCDF4-1.6.2-cp38-cp38-manylinux_2_17_x86_64.manylinux2014_x86_64.whl", hash = "sha256:af560d7f63036d757eccfdb28937a2c03e91ee44d28150614ddd8575e121c03f"},
    {file = "netCDF4-1.6.2-cp38-cp38-win_amd64.whl", hash = "sha256:cc91931b0a63326ddd23bfd81266983c8d401e5bb8e055ef91458f8f7f87c2e9"},
    {file = "netCDF4-1.6.2-cp39-cp39-macosx_10_9_x86_64.whl", hash = "sha256:8549ef47e0b172004e67ab8ec557b55e657106fd4185f3177a4b247a59d3a7ab"},
    {file = "netCDF4-1.6.2-cp39-cp39-macosx_11_0_arm64.whl", hash = "sha256:85b6adf0f1b1f034d6c9ddf845070884f8b6af6abc0b7708822c7c4cf74fee1c"},
    {file = "netCDF4-1.6.2-cp39-cp39-manylinux_2_17_aarch64.manylinux2014_aarch64.whl", hash = "sha256:c933edc73b3667e98dcb8bcd686ee475a4def057e6fa476cfb5256b2ef0cdf06"},
    {file = "netCDF4-1.6.2-cp39-cp39-manylinux_2_17_i686.manylinux2014_i686.whl", hash = "sha256:b20e4d8d1306c4c0089d47964734a0bf31ed6d989fd922996254d89c453892f8"},
    {file = "netCDF4-1.6.2-cp39-cp39-manylinux_2_17_x86_64.manylinux2014_x86_64.whl", hash = "sha256:4de7aa27303071546d3da166da80b3d58fd08427f14e5fcb5afc9edbf71b66fd"},
    {file = "netCDF4-1.6.2-cp39-cp39-win_amd64.whl", hash = "sha256:e3cd2b533a2bbb2e9ddeae6e2aeba515658e2ed5a899d5b41f2397a988595b6c"},
    {file = "netCDF4-1.6.2.tar.gz", hash = "sha256:0382b02ff6a288419f6ffec85dec40f451f41b8755547154c575ddd9f0f4ae53"},
]

[package.dependencies]
cftime = "*"
numpy = ">=1.9"

[[package]]
name = "numpy"
version = "1.24.1"
description = "Fundamental package for array computing in Python"
category = "main"
optional = false
python-versions = ">=3.8"
files = [
    {file = "numpy-1.24.1-cp310-cp310-macosx_10_9_x86_64.whl", hash = "sha256:179a7ef0889ab769cc03573b6217f54c8bd8e16cef80aad369e1e8185f994cd7"},
    {file = "numpy-1.24.1-cp310-cp310-macosx_11_0_arm64.whl", hash = "sha256:b09804ff570b907da323b3d762e74432fb07955701b17b08ff1b5ebaa8cfe6a9"},
    {file = "numpy-1.24.1-cp310-cp310-manylinux_2_17_aarch64.manylinux2014_aarch64.whl", hash = "sha256:f1b739841821968798947d3afcefd386fa56da0caf97722a5de53e07c4ccedc7"},
    {file = "numpy-1.24.1-cp310-cp310-manylinux_2_17_x86_64.manylinux2014_x86_64.whl", hash = "sha256:0e3463e6ac25313462e04aea3fb8a0a30fb906d5d300f58b3bc2c23da6a15398"},
    {file = "numpy-1.24.1-cp310-cp310-win32.whl", hash = "sha256:b31da69ed0c18be8b77bfce48d234e55d040793cebb25398e2a7d84199fbc7e2"},
    {file = "numpy-1.24.1-cp310-cp310-win_amd64.whl", hash = "sha256:b07b40f5fb4fa034120a5796288f24c1fe0e0580bbfff99897ba6267af42def2"},
    {file = "numpy-1.24.1-cp311-cp311-macosx_10_9_x86_64.whl", hash = "sha256:7094891dcf79ccc6bc2a1f30428fa5edb1e6fb955411ffff3401fb4ea93780a8"},
    {file = "numpy-1.24.1-cp311-cp311-macosx_11_0_arm64.whl", hash = "sha256:28e418681372520c992805bb723e29d69d6b7aa411065f48216d8329d02ba032"},
    {file = "numpy-1.24.1-cp311-cp311-manylinux_2_17_aarch64.manylinux2014_aarch64.whl", hash = "sha256:e274f0f6c7efd0d577744f52032fdd24344f11c5ae668fe8d01aac0422611df1"},
    {file = "numpy-1.24.1-cp311-cp311-manylinux_2_17_x86_64.manylinux2014_x86_64.whl", hash = "sha256:0044f7d944ee882400890f9ae955220d29b33d809a038923d88e4e01d652acd9"},
    {file = "numpy-1.24.1-cp311-cp311-win32.whl", hash = "sha256:442feb5e5bada8408e8fcd43f3360b78683ff12a4444670a7d9e9824c1817d36"},
    {file = "numpy-1.24.1-cp311-cp311-win_amd64.whl", hash = "sha256:de92efa737875329b052982e37bd4371d52cabf469f83e7b8be9bb7752d67e51"},
    {file = "numpy-1.24.1-cp38-cp38-macosx_10_9_x86_64.whl", hash = "sha256:b162ac10ca38850510caf8ea33f89edcb7b0bb0dfa5592d59909419986b72407"},
    {file = "numpy-1.24.1-cp38-cp38-macosx_11_0_arm64.whl", hash = "sha256:26089487086f2648944f17adaa1a97ca6aee57f513ba5f1c0b7ebdabbe2b9954"},
    {file = "numpy-1.24.1-cp38-cp38-manylinux_2_17_aarch64.manylinux2014_aarch64.whl", hash = "sha256:caf65a396c0d1f9809596be2e444e3bd4190d86d5c1ce21f5fc4be60a3bc5b36"},
    {file = "numpy-1.24.1-cp38-cp38-manylinux_2_17_x86_64.manylinux2014_x86_64.whl", hash = "sha256:b0677a52f5d896e84414761531947c7a330d1adc07c3a4372262f25d84af7bf7"},
    {file = "numpy-1.24.1-cp38-cp38-win32.whl", hash = "sha256:dae46bed2cb79a58d6496ff6d8da1e3b95ba09afeca2e277628171ca99b99db1"},
    {file = "numpy-1.24.1-cp38-cp38-win_amd64.whl", hash = "sha256:6ec0c021cd9fe732e5bab6401adea5a409214ca5592cd92a114f7067febcba0c"},
    {file = "numpy-1.24.1-cp39-cp39-macosx_10_9_x86_64.whl", hash = "sha256:28bc9750ae1f75264ee0f10561709b1462d450a4808cd97c013046073ae64ab6"},
    {file = "numpy-1.24.1-cp39-cp39-macosx_11_0_arm64.whl", hash = "sha256:84e789a085aabef2f36c0515f45e459f02f570c4b4c4c108ac1179c34d475ed7"},
    {file = "numpy-1.24.1-cp39-cp39-manylinux_2_17_aarch64.manylinux2014_aarch64.whl", hash = "sha256:8e669fbdcdd1e945691079c2cae335f3e3a56554e06bbd45d7609a6cf568c700"},
    {file = "numpy-1.24.1-cp39-cp39-manylinux_2_17_x86_64.manylinux2014_x86_64.whl", hash = "sha256:ef85cf1f693c88c1fd229ccd1055570cb41cdf4875873b7728b6301f12cd05bf"},
    {file = "numpy-1.24.1-cp39-cp39-win32.whl", hash = "sha256:87a118968fba001b248aac90e502c0b13606721b1343cdaddbc6e552e8dfb56f"},
    {file = "numpy-1.24.1-cp39-cp39-win_amd64.whl", hash = "sha256:ddc7ab52b322eb1e40521eb422c4e0a20716c271a306860979d450decbb51b8e"},
    {file = "numpy-1.24.1-pp38-pypy38_pp73-macosx_10_9_x86_64.whl", hash = "sha256:ed5fb71d79e771ec930566fae9c02626b939e37271ec285e9efaf1b5d4370e7d"},
    {file = "numpy-1.24.1-pp38-pypy38_pp73-manylinux_2_17_x86_64.manylinux2014_x86_64.whl", hash = "sha256:ad2925567f43643f51255220424c23d204024ed428afc5aad0f86f3ffc080086"},
    {file = "numpy-1.24.1-pp38-pypy38_pp73-win_amd64.whl", hash = "sha256:cfa1161c6ac8f92dea03d625c2d0c05e084668f4a06568b77a25a89111621566"},
    {file = "numpy-1.24.1.tar.gz", hash = "sha256:2386da9a471cc00a1f47845e27d916d5ec5346ae9696e01a8a34760858fe9dd2"},
]

[[package]]
name = "openpyxl"
version = "3.0.10"
description = "A Python library to read/write Excel 2010 xlsx/xlsm files"
category = "main"
optional = false
python-versions = ">=3.6"
files = [
    {file = "openpyxl-3.0.10-py2.py3-none-any.whl", hash = "sha256:0ab6d25d01799f97a9464630abacbb34aafecdcaa0ef3cba6d6b3499867d0355"},
    {file = "openpyxl-3.0.10.tar.gz", hash = "sha256:e47805627aebcf860edb4edf7987b1309c1b3632f3750538ed962bbcc3bd7449"},
]

[package.dependencies]
et-xmlfile = "*"

[[package]]
name = "packaging"
version = "23.0"
description = "Core utilities for Python packages"
category = "main"
optional = false
python-versions = ">=3.7"
files = [
    {file = "packaging-23.0-py3-none-any.whl", hash = "sha256:714ac14496c3e68c99c29b00845f7a2b85f3bb6f1078fd9f72fd20f0570002b2"},
    {file = "packaging-23.0.tar.gz", hash = "sha256:b6ad297f8907de0fa2fe1ccbd26fdaf387f5f47c7275fedf8cce89f99446cf97"},
]

[[package]]
name = "pandas"
version = "1.5.3"
description = "Powerful data structures for data analysis, time series, and statistics"
category = "main"
optional = false
python-versions = ">=3.8"
files = [
    {file = "pandas-1.5.3-cp310-cp310-macosx_10_9_universal2.whl", hash = "sha256:3749077d86e3a2f0ed51367f30bf5b82e131cc0f14260c4d3e499186fccc4406"},
    {file = "pandas-1.5.3-cp310-cp310-macosx_10_9_x86_64.whl", hash = "sha256:972d8a45395f2a2d26733eb8d0f629b2f90bebe8e8eddbb8829b180c09639572"},
    {file = "pandas-1.5.3-cp310-cp310-macosx_11_0_arm64.whl", hash = "sha256:50869a35cbb0f2e0cd5ec04b191e7b12ed688874bd05dd777c19b28cbea90996"},
    {file = "pandas-1.5.3-cp310-cp310-manylinux_2_17_aarch64.manylinux2014_aarch64.whl", hash = "sha256:c3ac844a0fe00bfaeb2c9b51ab1424e5c8744f89860b138434a363b1f620f354"},
    {file = "pandas-1.5.3-cp310-cp310-manylinux_2_17_x86_64.manylinux2014_x86_64.whl", hash = "sha256:7a0a56cef15fd1586726dace5616db75ebcfec9179a3a55e78f72c5639fa2a23"},
    {file = "pandas-1.5.3-cp310-cp310-win_amd64.whl", hash = "sha256:478ff646ca42b20376e4ed3fa2e8d7341e8a63105586efe54fa2508ee087f328"},
    {file = "pandas-1.5.3-cp311-cp311-macosx_10_9_universal2.whl", hash = "sha256:6973549c01ca91ec96199e940495219c887ea815b2083722821f1d7abfa2b4dc"},
    {file = "pandas-1.5.3-cp311-cp311-macosx_10_9_x86_64.whl", hash = "sha256:c39a8da13cede5adcd3be1182883aea1c925476f4e84b2807a46e2775306305d"},
    {file = "pandas-1.5.3-cp311-cp311-macosx_11_0_arm64.whl", hash = "sha256:f76d097d12c82a535fda9dfe5e8dd4127952b45fea9b0276cb30cca5ea313fbc"},
    {file = "pandas-1.5.3-cp311-cp311-manylinux_2_17_aarch64.manylinux2014_aarch64.whl", hash = "sha256:e474390e60ed609cec869b0da796ad94f420bb057d86784191eefc62b65819ae"},
    {file = "pandas-1.5.3-cp311-cp311-manylinux_2_17_x86_64.manylinux2014_x86_64.whl", hash = "sha256:5f2b952406a1588ad4cad5b3f55f520e82e902388a6d5a4a91baa8d38d23c7f6"},
    {file = "pandas-1.5.3-cp311-cp311-win_amd64.whl", hash = "sha256:bc4c368f42b551bf72fac35c5128963a171b40dce866fb066540eeaf46faa003"},
    {file = "pandas-1.5.3-cp38-cp38-macosx_10_9_universal2.whl", hash = "sha256:14e45300521902689a81f3f41386dc86f19b8ba8dd5ac5a3c7010ef8d2932813"},
    {file = "pandas-1.5.3-cp38-cp38-macosx_10_9_x86_64.whl", hash = "sha256:9842b6f4b8479e41968eced654487258ed81df7d1c9b7b870ceea24ed9459b31"},
    {file = "pandas-1.5.3-cp38-cp38-macosx_11_0_arm64.whl", hash = "sha256:26d9c71772c7afb9d5046e6e9cf42d83dd147b5cf5bcb9d97252077118543792"},
    {file = "pandas-1.5.3-cp38-cp38-manylinux_2_17_aarch64.manylinux2014_aarch64.whl", hash = "sha256:5fbcb19d6fceb9e946b3e23258757c7b225ba450990d9ed63ccceeb8cae609f7"},
    {file = "pandas-1.5.3-cp38-cp38-manylinux_2_17_x86_64.manylinux2014_x86_64.whl", hash = "sha256:565fa34a5434d38e9d250af3c12ff931abaf88050551d9fbcdfafca50d62babf"},
    {file = "pandas-1.5.3-cp38-cp38-win32.whl", hash = "sha256:87bd9c03da1ac870a6d2c8902a0e1fd4267ca00f13bc494c9e5a9020920e1d51"},
    {file = "pandas-1.5.3-cp38-cp38-win_amd64.whl", hash = "sha256:41179ce559943d83a9b4bbacb736b04c928b095b5f25dd2b7389eda08f46f373"},
    {file = "pandas-1.5.3-cp39-cp39-macosx_10_9_universal2.whl", hash = "sha256:c74a62747864ed568f5a82a49a23a8d7fe171d0c69038b38cedf0976831296fa"},
    {file = "pandas-1.5.3-cp39-cp39-macosx_10_9_x86_64.whl", hash = "sha256:c4c00e0b0597c8e4f59e8d461f797e5d70b4d025880516a8261b2817c47759ee"},
    {file = "pandas-1.5.3-cp39-cp39-macosx_11_0_arm64.whl", hash = "sha256:a50d9a4336a9621cab7b8eb3fb11adb82de58f9b91d84c2cd526576b881a0c5a"},
    {file = "pandas-1.5.3-cp39-cp39-manylinux_2_17_aarch64.manylinux2014_aarch64.whl", hash = "sha256:dd05f7783b3274aa206a1af06f0ceed3f9b412cf665b7247eacd83be41cf7bf0"},
    {file = "pandas-1.5.3-cp39-cp39-manylinux_2_17_x86_64.manylinux2014_x86_64.whl", hash = "sha256:9f69c4029613de47816b1bb30ff5ac778686688751a5e9c99ad8c7031f6508e5"},
    {file = "pandas-1.5.3-cp39-cp39-win32.whl", hash = "sha256:7cec0bee9f294e5de5bbfc14d0573f65526071029d036b753ee6507d2a21480a"},
    {file = "pandas-1.5.3-cp39-cp39-win_amd64.whl", hash = "sha256:dfd681c5dc216037e0b0a2c821f5ed99ba9f03ebcf119c7dac0e9a7b960b9ec9"},
    {file = "pandas-1.5.3.tar.gz", hash = "sha256:74a3fd7e5a7ec052f183273dc7b0acd3a863edf7520f5d3a1765c04ffdb3b0b1"},
]

[package.dependencies]
numpy = [
    {version = ">=1.21.0", markers = "python_version >= \"3.10\""},
    {version = ">=1.23.2", markers = "python_version >= \"3.11\""},
]
python-dateutil = ">=2.8.1"
pytz = ">=2020.1"

[package.extras]
test = ["hypothesis (>=5.5.3)", "pytest (>=6.0)", "pytest-xdist (>=1.31)"]

[[package]]
name = "pathspec"
version = "0.11.0"
description = "Utility library for gitignore style pattern matching of file paths."
category = "dev"
optional = false
python-versions = ">=3.7"
files = [
    {file = "pathspec-0.11.0-py3-none-any.whl", hash = "sha256:3a66eb970cbac598f9e5ccb5b2cf58930cd8e3ed86d393d541eaf2d8b1705229"},
    {file = "pathspec-0.11.0.tar.gz", hash = "sha256:64d338d4e0914e91c1792321e6907b5a593f1ab1851de7fc269557a21b30ebbc"},
]

[[package]]
name = "platformdirs"
version = "2.6.2"
description = "A small Python package for determining appropriate platform-specific dirs, e.g. a \"user data dir\"."
category = "dev"
optional = false
python-versions = ">=3.7"
files = [
    {file = "platformdirs-2.6.2-py3-none-any.whl", hash = "sha256:83c8f6d04389165de7c9b6f0c682439697887bca0aa2f1c87ef1826be3584490"},
    {file = "platformdirs-2.6.2.tar.gz", hash = "sha256:e1fea1fe471b9ff8332e229df3cb7de4f53eeea4998d3b6bfff542115e998bd2"},
]

[package.extras]
docs = ["furo (>=2022.12.7)", "proselint (>=0.13)", "sphinx (>=5.3)", "sphinx-autodoc-typehints (>=1.19.5)"]
test = ["appdirs (==1.4.4)", "covdefaults (>=2.2.2)", "pytest (>=7.2)", "pytest-cov (>=4)", "pytest-mock (>=3.10)"]

[[package]]
name = "python-dateutil"
version = "2.8.2"
description = "Extensions to the standard Python datetime module"
category = "main"
optional = false
python-versions = "!=3.0.*,!=3.1.*,!=3.2.*,>=2.7"
files = [
    {file = "python-dateutil-2.8.2.tar.gz", hash = "sha256:0123cacc1627ae19ddf3c27a5de5bd67ee4586fbdd6440d9748f8abb483d3e86"},
    {file = "python_dateutil-2.8.2-py2.py3-none-any.whl", hash = "sha256:961d03dc3453ebbc59dbdea9e4e11c5651520a876d0f4db161e8674aae935da9"},
]

[package.dependencies]
six = ">=1.5"

[[package]]
name = "pytz"
version = "2022.7.1"
description = "World timezone definitions, modern and historical"
category = "main"
optional = false
python-versions = "*"
files = [
    {file = "pytz-2022.7.1-py2.py3-none-any.whl", hash = "sha256:78f4f37d8198e0627c5f1143240bb0206b8691d8d7ac6d78fee88b78733f8c4a"},
    {file = "pytz-2022.7.1.tar.gz", hash = "sha256:01a0681c4b9684a28304615eba55d1ab31ae00bf68ec157ec3708a8182dbbcd0"},
]

[[package]]
name = "six"
version = "1.16.0"
description = "Python 2 and 3 compatibility utilities"
category = "main"
optional = false
python-versions = ">=2.7, !=3.0.*, !=3.1.*, !=3.2.*"
files = [
    {file = "six-1.16.0-py2.py3-none-any.whl", hash = "sha256:8abb2f1d86890a2dfb989f9a77cfcfd3e47c2a354b01111771326f8aa26e0254"},
    {file = "six-1.16.0.tar.gz", hash = "sha256:1e61c37477a1626458e36f7b1d82aa5c9b094fa4802892072e49de9c60c4c926"},
]

[[package]]
name = "xarray"
version = "2023.1.0"
description = "N-D labeled arrays and datasets in Python"
category = "main"
optional = false
python-versions = ">=3.8"
files = [
    {file = "xarray-2023.1.0-py3-none-any.whl", hash = "sha256:7e530b1deafdd43e5c2b577d0944e6b528fbe88045fd849e49a8d11871ecd522"},
    {file = "xarray-2023.1.0.tar.gz", hash = "sha256:7bee552751ff1b29dab8b7715726e5ecb56691ac54593cf4881dff41978ce0cd"},
]

[package.dependencies]
numpy = ">=1.20"
packaging = ">=21.3"
pandas = ">=1.3"

[package.extras]
accel = ["bottleneck", "flox", "numbagg", "scipy"]
complete = ["bottleneck", "cfgrib", "cftime", "dask[complete]", "flox", "fsspec", "h5netcdf", "matplotlib", "nc-time-axis", "netCDF4", "numbagg", "pooch", "pydap", "rasterio", "scipy", "seaborn", "zarr"]
docs = ["bottleneck", "cfgrib", "cftime", "dask[complete]", "flox", "fsspec", "h5netcdf", "ipykernel", "ipython", "jupyter-client", "matplotlib", "nbsphinx", "nc-time-axis", "netCDF4", "numbagg", "pooch", "pydap", "rasterio", "scanpydoc", "scipy", "seaborn", "sphinx-autosummary-accessors", "sphinx-rtd-theme", "zarr"]
io = ["cfgrib", "cftime", "fsspec", "h5netcdf", "netCDF4", "pooch", "pydap", "rasterio", "scipy", "zarr"]
parallel = ["dask[complete]"]
viz = ["matplotlib", "nc-time-axis", "seaborn"]

[metadata]
lock-version = "2.0"
python-versions = "^3.11"
content-hash = "c6381ed9f70ca0cc517699bd3c92cea49d960cc4cc9f15a8a2088670a5dd87fb"
